
Microsoft Visual Studio Solution File, Format Version 12.00
# Visual Studio Version 17
VisualStudioVersion = 17.6.33723.286
MinimumVisualStudioVersion = 10.0.40219.1
Project("{9A19103F-16F7-4668-BE54-9A1E7A4F7556}") = "NimbusSync.Server", "NimbusSync.Server\NimbusSync.Server.csproj", "{0A041A0D-AAF9-4B67-A114-51E0E49575F2}"
EndProject
Project("{9A19103F-16F7-4668-BE54-9A1E7A4F7556}") = "NimbusSync.Server.Domain", "NimbusSync.Server.Domain\NimbusSync.Server.Domain.csproj", "{DCE1BED4-B9C4-4410-8FAF-6C54A57DA4A4}"
EndProject
Global
	GlobalSection(SolutionConfigurationPlatforms) = preSolution
		Debug|Any CPU = Debug|Any CPU
		Release|Any CPU = Release|Any CPU
	EndGlobalSection
	GlobalSection(ProjectConfigurationPlatforms) = postSolution
		{0A041A0D-AAF9-4B67-A114-51E0E49575F2}.Debug|Any CPU.ActiveCfg = Debug|Any CPU
		{0A041A0D-AAF9-4B67-A114-51E0E49575F2}.Debug|Any CPU.Build.0 = Debug|Any CPU
		{0A041A0D-AAF9-4B67-A114-51E0E49575F2}.Release|Any CPU.ActiveCfg = Release|Any CPU
		{0A041A0D-AAF9-4B67-A114-51E0E49575F2}.Release|Any CPU.Build.0 = Release|Any CPU
		{DCE1BED4-B9C4-4410-8FAF-6C54A57DA4A4}.Debug|Any CPU.ActiveCfg = Debug|Any CPU
		{DCE1BED4-B9C4-4410-8FAF-6C54A57DA4A4}.Debug|Any CPU.Build.0 = Debug|Any CPU
		{DCE1BED4-B9C4-4410-8FAF-6C54A57DA4A4}.Release|Any CPU.ActiveCfg = Release|Any CPU
		{DCE1BED4-B9C4-4410-8FAF-6C54A57DA4A4}.Release|Any CPU.Build.0 = Release|Any CPU
	EndGlobalSection
	GlobalSection(SolutionProperties) = preSolution
		HideSolutionNode = FALSE
	EndGlobalSection
	GlobalSection(ExtensibilityGlobals) = postSolution
		SolutionGuid = {3EA2B527-0544-41E0-BCA1-B5D3235844FE}
	EndGlobalSection
EndGlobal
